
Microsoft Visual Studio Solution File, Format Version 12.00
# Visual Studio 15
VisualStudioVersion = 15.0.27703.2042
MinimumVisualStudioVersion = 10.0.40219.1
Project("{FAE04EC0-301F-11D3-BF4B-00C04F79EFBC}") = "ResxTest", "ResxTest\ResxTest.csproj", "{AD6B74CD-4640-4742-B3AC-317004F00F85}"
EndProject
Global
	GlobalSection(SolutionConfigurationPlatforms) = preSolution
		Debug|Any CPU = Debug|Any CPU
		Release|Any CPU = Release|Any CPU
	EndGlobalSection
	GlobalSection(ProjectConfigurationPlatforms) = postSolution
		{AD6B74CD-4640-4742-B3AC-317004F00F85}.Debug|Any CPU.ActiveCfg = Debug|Any CPU
		{AD6B74CD-4640-4742-B3AC-317004F00F85}.Debug|Any CPU.Build.0 = Debug|Any CPU
		{AD6B74CD-4640-4742-B3AC-317004F00F85}.Release|Any CPU.ActiveCfg = Release|Any CPU
		{AD6B74CD-4640-4742-B3AC-317004F00F85}.Release|Any CPU.Build.0 = Release|Any CPU
	EndGlobalSection
	GlobalSection(SolutionProperties) = preSolution
		HideSolutionNode = FALSE
	EndGlobalSection
	GlobalSection(ExtensibilityGlobals) = postSolution
		SolutionGuid = {B1638A5E-DC9B-4EC3-972B-39CACBE18221}
	EndGlobalSection
EndGlobal
